
Microsoft Visual Studio Solution File, Format Version 12.00
# Visual Studio Version 16
VisualStudioVersion = 16.0.29519.87
MinimumVisualStudioVersion = 10.0.40219.1
Project("{FAE04EC0-301F-11D3-BF4B-00C04F79EFBC}") = "TicTacToe", "TicTacToe.csproj", "{B59B5B34-F10E-46A7-94E2-7139426C71F6}"
EndProject
Global
	GlobalSection(SolutionConfigurationPlatforms) = preSolution
		Debug|Any CPU = Debug|Any CPU
		Release|Any CPU = Release|Any CPU
	EndGlobalSection
	GlobalSection(ProjectConfigurationPlatforms) = postSolution
		{B59B5B34-F10E-46A7-94E2-7139426C71F6}.Debug|Any CPU.ActiveCfg = Debug|Any CPU
		{B59B5B34-F10E-46A7-94E2-7139426C71F6}.Debug|Any CPU.Build.0 = Debug|Any CPU
		{B59B5B34-F10E-46A7-94E2-7139426C71F6}.Release|Any CPU.ActiveCfg = Release|Any CPU
		{B59B5B34-F10E-46A7-94E2-7139426C71F6}.Release|Any CPU.Build.0 = Release|Any CPU
	EndGlobalSection
	GlobalSection(SolutionProperties) = preSolution
		HideSolutionNode = FALSE
	EndGlobalSection
	GlobalSection(ExtensibilityGlobals) = postSolution
		SolutionGuid = {2E3E8D2B-C9C9-423D-B848-F331910CBF01}
	EndGlobalSection
EndGlobal
